{
  "name": "vite-database-testing",
  "version": "0.0.0",
  "lockfileVersion": 2,
  "requires": true,
  "packages": {
    "": {
      "name": "vite-database-testing",
      "version": "0.0.0",
      "dependencies": {
        "@supabase/supabase-js": "^2.26.0"
      },
      "devDependencies": {
        "vite": "^4.4.0"
      }
    },
    "node_modules/@esbuild/android-arm": {
      "version": "0.18.14",
      "resolved": "https://registry.npmjs.org/@esbuild/android-arm/-/android-arm-0.18.14.tgz",
      "integrity": "sha512-blODaaL+lngG5bdK/t4qZcQvq2BBqrABmYwqPPcS5VRxrCSGHb9R/rA3fqxh7R18I7WU4KKv+NYkt22FDfalcg==",
      "cpu": [
        "arm"
      ],
      "dev": true,
      "optional": true,
      "os": [
        "android"
      ],
      "engines": {
        "node": ">=12"
      }
    },
    "node_modules/@esbuild/android-arm64": {
      "version": "0.18.14",
      "resolved": "https://registry.npmjs.org/@esbuild/android-arm64/-/android-arm64-0.18.14.tgz",
      "integrity": "sha512-rZ2v+Luba5/3D6l8kofWgTnqE+qsC/L5MleKIKFyllHTKHrNBMqeRCnZI1BtRx8B24xMYxeU32iIddRQqMsOsg==",
      "cpu": [
        "arm64"
      ],
      "dev": true,
      "optional": true,
      "os": [
        "android"
      ],
      "engines": {
        "node": ">=12"
      }
    },
    "node_modules/@esbuild/android-x64": {
      "version": "0.18.14",
      "resolved": "https://registry.npmjs.org/@esbuild/android-x64/-/android-x64-0.18.14.tgz",
      "integrity": "sha512-qSwh8y38QKl+1Iqg+YhvCVYlSk3dVLk9N88VO71U4FUjtiSFylMWK3Ugr8GC6eTkkP4Tc83dVppt2n8vIdlSGg==",
      "cpu": [
        "x64"
      ],
      "dev": true,
      "optional": true,
      "os": [
        "android"
      ],
      "engines": {
        "node": ">=12"
      }
    },
    "node_modules/@esbuild/darwin-arm64": {
      "version": "0.18.14",
      "resolved": "https://registry.npmjs.org/@esbuild/darwin-arm64/-/darwin-arm64-0.18.14.tgz",
      "integrity": "sha512-9Hl2D2PBeDYZiNbnRKRWuxwHa9v5ssWBBjisXFkVcSP5cZqzZRFBUWEQuqBHO4+PKx4q4wgHoWtfQ1S7rUqJ2Q==",
      "cpu": [
        "arm64"
      ],
      "dev": true,
      "optional": true,
      "os": [
        "darwin"
      ],
      "engines": {
        "node": ">=12"
      }
    },
    "node_modules/@esbuild/darwin-x64": {
      "version": "0.18.14",
      "resolved": "https://registry.npmjs.org/@esbuild/darwin-x64/-/darwin-x64-0.18.14.tgz",
      "integrity": "sha512-ZnI3Dg4ElQ6tlv82qLc/UNHtFsgZSKZ7KjsUNAo1BF1SoYDjkGKHJyCrYyWjFecmXpvvG/KJ9A/oe0H12odPLQ==",
      "cpu": [
        "x64"
      ],
      "dev": true,
      "optional": true,
      "os": [
        "darwin"
      ],
      "engines": {
        "node": ">=12"
      }
    },
    "node_modules/@esbuild/freebsd-arm64": {
      "version": "0.18.14",
      "resolved": "https://registry.npmjs.org/@esbuild/freebsd-arm64/-/freebsd-arm64-0.18.14.tgz",
      "integrity": "sha512-h3OqR80Da4oQCIa37zl8tU5MwHQ7qgPV0oVScPfKJK21fSRZEhLE4IIVpmcOxfAVmqjU6NDxcxhYaM8aDIGRLw==",
      "cpu": [
        "arm64"
      ],
      "dev": true,
      "optional": true,
      "os": [
        "freebsd"
      ],
      "engines": {
        "node": ">=12"
      }
    },
    "node_modules/@esbuild/freebsd-x64": {
      "version": "0.18.14",
      "resolved": "https://registry.npmjs.org/@esbuild/freebsd-x64/-/freebsd-x64-0.18.14.tgz",
      "integrity": "sha512-ha4BX+S6CZG4BoH9tOZTrFIYC1DH13UTCRHzFc3GWX74nz3h/N6MPF3tuR3XlsNjMFUazGgm35MPW5tHkn2lzQ==",
      "cpu": [
        "x64"
      ],
      "dev": true,
      "optional": true,
      "os": [
        "freebsd"
      ],
      "engines": {
        "node": ">=12"
      }
    },
    "node_modules/@esbuild/linux-arm": {
      "version": "0.18.14",
      "resolved": "https://registry.npmjs.org/@esbuild/linux-arm/-/linux-arm-0.18.14.tgz",
      "integrity": "sha512-5+7vehI1iqru5WRtJyU2XvTOvTGURw3OZxe3YTdE9muNNIdmKAVmSHpB3Vw2LazJk2ifEdIMt/wTWnVe5V98Kg==",
      "cpu": [
        "arm"
      ],
      "dev": true,
      "optional": true,
      "os": [
        "linux"
      ],
      "engines": {
        "node": ">=12"
      }
    },
    "node_modules/@esbuild/linux-arm64": {
      "version": "0.18.14",
      "resolved": "https://registry.npmjs.org/@esbuild/linux-arm64/-/linux-arm64-0.18.14.tgz",
      "integrity": "sha512-IXORRe22In7U65NZCzjwAUc03nn8SDIzWCnfzJ6t/8AvGx5zBkcLfknI+0P+hhuftufJBmIXxdSTbzWc8X/V4w==",
      "cpu": [
        "arm64"
      ],
      "dev": true,
      "optional": true,
      "os": [
        "linux"
      ],
      "engines": {
        "node": ">=12"
      }
    },
    "node_modules/@esbuild/linux-ia32": {
      "version": "0.18.14",
      "resolved": "https://registry.npmjs.org/@esbuild/linux-ia32/-/linux-ia32-0.18.14.tgz",
      "integrity": "sha512-BfHlMa0nibwpjG+VXbOoqJDmFde4UK2gnW351SQ2Zd4t1N3zNdmUEqRkw/srC1Sa1DRBE88Dbwg4JgWCbNz/FQ==",
      "cpu": [
        "ia32"
      ],
      "dev": true,
      "optional": true,
      "os": [
        "linux"
      ],
      "engines": {
        "node": ">=12"
      }
    },
    "node_modules/@esbuild/linux-loong64": {
      "version": "0.18.14",
      "resolved": "https://registry.npmjs.org/@esbuild/linux-loong64/-/linux-loong64-0.18.14.tgz",
      "integrity": "sha512-j2/Ex++DRUWIAaUDprXd3JevzGtZ4/d7VKz+AYDoHZ3HjJzCyYBub9CU1wwIXN+viOP0b4VR3RhGClsvyt/xSw==",
      "cpu": [
        "loong64"
      ],
      "dev": true,
      "optional": true,
      "os": [
        "linux"
      ],
      "engines": {
        "node": ">=12"
      }
    },
    "node_modules/@esbuild/linux-mips64el": {
      "version": "0.18.14",
      "resolved": "https://registry.npmjs.org/@esbuild/linux-mips64el/-/linux-mips64el-0.18.14.tgz",
      "integrity": "sha512-qn2+nc+ZCrJmiicoAnJXJJkZWt8Nwswgu1crY7N+PBR8ChBHh89XRxj38UU6Dkthl2yCVO9jWuafZ24muzDC/A==",
      "cpu": [
        "mips64el"
      ],
      "dev": true,
      "optional": true,
      "os": [
        "linux"
      ],
      "engines": {
        "node": ">=12"
      }
    },
    "node_modules/@esbuild/linux-ppc64": {
      "version": "0.18.14",
      "resolved": "https://registry.npmjs.org/@esbuild/linux-ppc64/-/linux-ppc64-0.18.14.tgz",
      "integrity": "sha512-aGzXzd+djqeEC5IRkDKt3kWzvXoXC6K6GyYKxd+wsFJ2VQYnOWE954qV2tvy5/aaNrmgPTb52cSCHFE+Z7Z0yg==",
      "cpu": [
        "ppc64"
      ],
      "dev": true,
      "optional": true,
      "os": [
        "linux"
      ],
      "engines": {
        "node": ">=12"
      }
    },
    "node_modules/@esbuild/linux-riscv64": {
      "version": "0.18.14",
      "resolved": "https://registry.npmjs.org/@esbuild/linux-riscv64/-/linux-riscv64-0.18.14.tgz",
      "integrity": "sha512-8C6vWbfr0ygbAiMFLS6OPz0BHvApkT2gCboOGV76YrYw+sD/MQJzyITNsjZWDXJwPu9tjrFQOVG7zijRzBCnLw==",
      "cpu": [
        "riscv64"
      ],
      "dev": true,
      "optional": true,
      "os": [
        "linux"
      ],
      "engines": {
        "node": ">=12"
      }
    },
    "node_modules/@esbuild/linux-s390x": {
      "version": "0.18.14",
      "resolved": "https://registry.npmjs.org/@esbuild/linux-s390x/-/linux-s390x-0.18.14.tgz",
      "integrity": "sha512-G/Lf9iu8sRMM60OVGOh94ZW2nIStksEcITkXdkD09/T6QFD/o+g0+9WVyR/jajIb3A0LvBJ670tBnGe1GgXMgw==",
      "cpu": [
        "s390x"
      ],
      "dev": true,
      "optional": true,
      "os": [
        "linux"
      ],
      "engines": {
        "node": ">=12"
      }
    },
    "node_modules/@esbuild/linux-x64": {
      "version": "0.18.14",
      "resolved": "https://registry.npmjs.org/@esbuild/linux-x64/-/linux-x64-0.18.14.tgz",
      "integrity": "sha512-TBgStYBQaa3EGhgqIDM+ECnkreb0wkcKqL7H6m+XPcGUoU4dO7dqewfbm0mWEQYH3kzFHrzjOFNpSAVzDZRSJw==",
      "cpu": [
        "x64"
      ],
      "dev": true,
      "optional": true,
      "os": [
        "linux"
      ],
      "engines": {
        "node": ">=12"
      }
    },
    "node_modules/@esbuild/netbsd-x64": {
      "version": "0.18.14",
      "resolved": "https://registry.npmjs.org/@esbuild/netbsd-x64/-/netbsd-x64-0.18.14.tgz",
      "integrity": "sha512-stvCcjyCQR2lMTroqNhAbvROqRjxPEq0oQ380YdXxA81TaRJEucH/PzJ/qsEtsHgXlWFW6Ryr/X15vxQiyRXVg==",
      "cpu": [
        "x64"
      ],
      "dev": true,
      "optional": true,
      "os": [
        "netbsd"
      ],
      "engines": {
        "node": ">=12"
      }
    },
    "node_modules/@esbuild/openbsd-x64": {
      "version": "0.18.14",
      "resolved": "https://registry.npmjs.org/@esbuild/openbsd-x64/-/openbsd-x64-0.18.14.tgz",
      "integrity": "sha512-apAOJF14CIsN5ht1PA57PboEMsNV70j3FUdxLmA2liZ20gEQnfTG5QU0FhENo5nwbTqCB2O3WDsXAihfODjHYw==",
      "cpu": [
        "x64"
      ],
      "dev": true,
      "optional": true,
      "os": [
        "openbsd"
      ],
      "engines": {
        "node": ">=12"
      }
    },
    "node_modules/@esbuild/sunos-x64": {
      "version": "0.18.14",
      "resolved": "https://registry.npmjs.org/@esbuild/sunos-x64/-/sunos-x64-0.18.14.tgz",
      "integrity": "sha512-fYRaaS8mDgZcGybPn2MQbn1ZNZx+UXFSUoS5Hd2oEnlsyUcr/l3c6RnXf1bLDRKKdLRSabTmyCy7VLQ7VhGdOQ==",
      "cpu": [
        "x64"
      ],
      "dev": true,
      "optional": true,
      "os": [
        "sunos"
      ],
      "engines": {
        "node": ">=12"
      }
    },
    "node_modules/@esbuild/win32-arm64": {
      "version": "0.18.14",
      "resolved": "https://registry.npmjs.org/@esbuild/win32-arm64/-/win32-arm64-0.18.14.tgz",
      "integrity": "sha512-1c44RcxKEJPrVj62XdmYhxXaU/V7auELCmnD+Ri+UCt+AGxTvzxl9uauQhrFso8gj6ZV1DaORV0sT9XSHOAk8Q==",
      "cpu": [
        "arm64"
      ],
      "dev": true,
      "optional": true,
      "os": [
        "win32"
      ],
      "engines": {
        "node": ">=12"
      }
    },
    "node_modules/@esbuild/win32-ia32": {
      "version": "0.18.14",
      "resolved": "https://registry.npmjs.org/@esbuild/win32-ia32/-/win32-ia32-0.18.14.tgz",
      "integrity": "sha512-EXAFttrdAxZkFQmpvcAQ2bywlWUsONp/9c2lcfvPUhu8vXBBenCXpoq9YkUvVP639ld3YGiYx0YUQ6/VQz3Maw==",
      "cpu": [
        "ia32"
      ],
      "dev": true,
      "optional": true,
      "os": [
        "win32"
      ],
      "engines": {
        "node": ">=12"
      }
    },
    "node_modules/@esbuild/win32-x64": {
      "version": "0.18.14",
      "resolved": "https://registry.npmjs.org/@esbuild/win32-x64/-/win32-x64-0.18.14.tgz",
      "integrity": "sha512-K0QjGbcskx+gY+qp3v4/940qg8JitpXbdxFhRDA1aYoNaPff88+aEwoq45aqJ+ogpxQxmU0ZTjgnrQD/w8iiUg==",
      "cpu": [
        "x64"
      ],
      "dev": true,
      "optional": true,
      "os": [
        "win32"
      ],
      "engines": {
        "node": ">=12"
      }
    },
    "node_modules/@supabase/functions-js": {
      "version": "2.1.2",
      "resolved": "https://registry.npmjs.org/@supabase/functions-js/-/functions-js-2.1.2.tgz",
      "integrity": "sha512-QCR6pwJs9exCl37bmpMisUd6mf+0SUBJ6mUpiAjEkSJ/+xW8TCuO14bvkWHADd5hElJK9MxNlMQXxSA4DRz9nQ==",
      "dependencies": {
        "cross-fetch": "^3.1.5"
      }
    },
    "node_modules/@supabase/gotrue-js": {
      "version": "2.44.1",
      "resolved": "https://registry.npmjs.org/@supabase/gotrue-js/-/gotrue-js-2.44.1.tgz",
      "integrity": "sha512-/6AEWvvGHHFazoiLp8Uf17UfKRYmcOAnY5N4dcpLuUZkvilc8dHpgEngC/XLlZqWsK1r3lcjwROU3I8IBfGwDg==",
      "dependencies": {
        "cross-fetch": "^3.1.5"
      }
    },
    "node_modules/@supabase/postgrest-js": {
      "version": "1.7.2",
      "resolved": "https://registry.npmjs.org/@supabase/postgrest-js/-/postgrest-js-1.7.2.tgz",
      "integrity": "sha512-GK80JpRq8l6Qll85erICypAfQCied8tdlXfsDN14W844HqXCSOisk8AaE01DAwGJanieaoN5fuqhzA2yKxDvEQ==",
      "dependencies": {
        "cross-fetch": "^3.1.5"
      }
    },
    "node_modules/@supabase/realtime-js": {
      "version": "2.7.3",
      "resolved": "https://registry.npmjs.org/@supabase/realtime-js/-/realtime-js-2.7.3.tgz",
      "integrity": "sha512-c7TzL81sx2kqyxsxcDduJcHL9KJdCOoKimGP6lQSqiZKX42ATlBZpWbyy9KFGFBjAP4nyopMf5JhPi2ZH9jyNw==",
      "dependencies": {
        "@types/phoenix": "^1.5.4",
        "@types/websocket": "^1.0.3",
        "websocket": "^1.0.34"
      }
    },
    "node_modules/@supabase/storage-js": {
      "version": "2.5.1",
      "resolved": "https://registry.npmjs.org/@supabase/storage-js/-/storage-js-2.5.1.tgz",
      "integrity": "sha512-nkR0fQA9ScAtIKA3vNoPEqbZv1k5B5HVRYEvRWdlP6mUpFphM9TwPL2jZ/ztNGMTG5xT6SrHr+H7Ykz8qzbhjw==",
      "dependencies": {
        "cross-fetch": "^3.1.5"
      }
    },
    "node_modules/@supabase/supabase-js": {
      "version": "2.26.0",
      "resolved": "https://registry.npmjs.org/@supabase/supabase-js/-/supabase-js-2.26.0.tgz",
      "integrity": "sha512-RXmTPTobaYAwkSobadHZmEVLmzX3SGrtRZIGfLWnLv92VzBRrjuXn0a+bJqKl50GUzsyqPA+j5pod7EwMkcH5A==",
      "dependencies": {
        "@supabase/functions-js": "^2.1.0",
        "@supabase/gotrue-js": "^2.31.0",
        "@supabase/postgrest-js": "^1.7.0",
        "@supabase/realtime-js": "^2.7.3",
        "@supabase/storage-js": "^2.5.1",
        "cross-fetch": "^3.1.5"
      }
    },
    "node_modules/@types/node": {
      "version": "20.4.2",
      "resolved": "https://registry.npmjs.org/@types/node/-/node-20.4.2.tgz",
      "integrity": "sha512-Dd0BYtWgnWJKwO1jkmTrzofjK2QXXcai0dmtzvIBhcA+RsG5h8R3xlyta0kGOZRNfL9GuRtb1knmPEhQrePCEw=="
    },
    "node_modules/@types/phoenix": {
      "version": "1.6.0",
      "resolved": "https://registry.npmjs.org/@types/phoenix/-/phoenix-1.6.0.tgz",
      "integrity": "sha512-qwfpsHmFuhAS/dVd4uBIraMxRd56vwBUYQGZ6GpXnFuM2XMRFJbIyruFKKlW2daQliuYZwe0qfn/UjFCDKic5g=="
    },
    "node_modules/@types/websocket": {
      "version": "1.0.5",
      "resolved": "https://registry.npmjs.org/@types/websocket/-/websocket-1.0.5.tgz",
      "integrity": "sha512-NbsqiNX9CnEfC1Z0Vf4mE1SgAJ07JnRYcNex7AJ9zAVzmiGHmjKFEk7O4TJIsgv2B1sLEb6owKFZrACwdYngsQ==",
      "dependencies": {
        "@types/node": "*"
      }
    },
    "node_modules/bufferutil": {
      "version": "4.0.7",
      "resolved": "https://registry.npmjs.org/bufferutil/-/bufferutil-4.0.7.tgz",
      "integrity": "sha512-kukuqc39WOHtdxtw4UScxF/WVnMFVSQVKhtx3AjZJzhd0RGZZldcrfSEbVsWWe6KNH253574cq5F+wpv0G9pJw==",
      "hasInstallScript": true,
      "dependencies": {
        "node-gyp-build": "^4.3.0"
      },
      "engines": {
        "node": ">=6.14.2"
      }
    },
    "node_modules/cross-fetch": {
      "version": "3.1.8",
      "resolved": "https://registry.npmjs.org/cross-fetch/-/cross-fetch-3.1.8.tgz",
      "integrity": "sha512-cvA+JwZoU0Xq+h6WkMvAUqPEYy92Obet6UdKLfW60qn99ftItKjB5T+BkyWOFWe2pUyfQ+IJHmpOTznqk1M6Kg==",
      "dependencies": {
        "node-fetch": "^2.6.12"
      }
    },
    "node_modules/d": {
      "version": "1.0.1",
      "resolved": "https://registry.npmjs.org/d/-/d-1.0.1.tgz",
      "integrity": "sha512-m62ShEObQ39CfralilEQRjH6oAMtNCV1xJyEx5LpRYUVN+EviphDgUc/F3hnYbADmkiNs67Y+3ylmlG7Lnu+FA==",
      "dependencies": {
        "es5-ext": "^0.10.50",
        "type": "^1.0.1"
      }
    },
    "node_modules/debug": {
      "version": "2.6.9",
      "resolved": "https://registry.npmjs.org/debug/-/debug-2.6.9.tgz",
      "integrity": "sha512-bC7ElrdJaJnPbAP+1EotYvqZsb3ecl5wi6Bfi6BJTUcNowp6cvspg0jXznRTKDjm/E7AdgFBVeAPVMNcKGsHMA==",
      "dependencies": {
        "ms": "2.0.0"
      }
    },
    "node_modules/es5-ext": {
      "version": "0.10.62",
      "resolved": "https://registry.npmjs.org/es5-ext/-/es5-ext-0.10.62.tgz",
      "integrity": "sha512-BHLqn0klhEpnOKSrzn/Xsz2UIW8j+cGmo9JLzr8BiUapV8hPL9+FliFqjwr9ngW7jWdnxv6eO+/LqyhJVqgrjA==",
      "hasInstallScript": true,
      "dependencies": {
        "es6-iterator": "^2.0.3",
        "es6-symbol": "^3.1.3",
        "next-tick": "^1.1.0"
      },
      "engines": {
        "node": ">=0.10"
      }
    },
    "node_modules/es6-iterator": {
      "version": "2.0.3",
      "resolved": "https://registry.npmjs.org/es6-iterator/-/es6-iterator-2.0.3.tgz",
      "integrity": "sha512-zw4SRzoUkd+cl+ZoE15A9o1oQd920Bb0iOJMQkQhl3jNc03YqVjAhG7scf9C5KWRU/R13Orf588uCC6525o02g==",
      "dependencies": {
        "d": "1",
        "es5-ext": "^0.10.35",
        "es6-symbol": "^3.1.1"
      }
    },
    "node_modules/es6-symbol": {
      "version": "3.1.3",
      "resolved": "https://registry.npmjs.org/es6-symbol/-/es6-symbol-3.1.3.tgz",
      "integrity": "sha512-NJ6Yn3FuDinBaBRWl/q5X/s4koRHBrgKAu+yGI6JCBeiu3qrcbJhwT2GeR/EXVfylRk8dpQVJoLEFhK+Mu31NA==",
      "dependencies": {
        "d": "^1.0.1",
        "ext": "^1.1.2"
      }
    },
    "node_modules/esbuild": {
      "version": "0.18.14",
      "resolved": "https://registry.npmjs.org/esbuild/-/esbuild-0.18.14.tgz",
      "integrity": "sha512-uNPj5oHPYmj+ZhSQeYQVFZ+hAlJZbAGOmmILWIqrGvPVlNLbyOvU5Bu6Woi8G8nskcx0vwY0iFoMPrzT86Ko+w==",
      "dev": true,
      "hasInstallScript": true,
      "bin": {
        "esbuild": "bin/esbuild"
      },
      "engines": {
        "node": ">=12"
      },
      "optionalDependencies": {
        "@esbuild/android-arm": "0.18.14",
        "@esbuild/android-arm64": "0.18.14",
        "@esbuild/android-x64": "0.18.14",
        "@esbuild/darwin-arm64": "0.18.14",
        "@esbuild/darwin-x64": "0.18.14",
        "@esbuild/freebsd-arm64": "0.18.14",
        "@esbuild/freebsd-x64": "0.18.14",
        "@esbuild/linux-arm": "0.18.14",
        "@esbuild/linux-arm64": "0.18.14",
        "@esbuild/linux-ia32": "0.18.14",
        "@esbuild/linux-loong64": "0.18.14",
        "@esbuild/linux-mips64el": "0.18.14",
        "@esbuild/linux-ppc64": "0.18.14",
        "@esbuild/linux-riscv64": "0.18.14",
        "@esbuild/linux-s390x": "0.18.14",
        "@esbuild/linux-x64": "0.18.14",
        "@esbuild/netbsd-x64": "0.18.14",
        "@esbuild/openbsd-x64": "0.18.14",
        "@esbuild/sunos-x64": "0.18.14",
        "@esbuild/win32-arm64": "0.18.14",
        "@esbuild/win32-ia32": "0.18.14",
        "@esbuild/win32-x64": "0.18.14"
      }
    },
    "node_modules/ext": {
      "version": "1.7.0",
      "resolved": "https://registry.npmjs.org/ext/-/ext-1.7.0.tgz",
      "integrity": "sha512-6hxeJYaL110a9b5TEJSj0gojyHQAmA2ch5Os+ySCiA1QGdS697XWY1pzsrSjqA9LDEEgdB/KypIlR59RcLuHYw==",
      "dependencies": {
        "type": "^2.7.2"
      }
    },
    "node_modules/ext/node_modules/type": {
      "version": "2.7.2",
      "resolved": "https://registry.npmjs.org/type/-/type-2.7.2.tgz",
      "integrity": "sha512-dzlvlNlt6AXU7EBSfpAscydQ7gXB+pPGsPnfJnZpiNJBDj7IaJzQlBZYGdEi4R9HmPdBv2XmWJ6YUtoTa7lmCw=="
    },
    "node_modules/fsevents": {
      "version": "2.3.2",
      "resolved": "https://registry.npmjs.org/fsevents/-/fsevents-2.3.2.tgz",
      "integrity": "sha512-xiqMQR4xAeHTuB9uWm+fFRcIOgKBMiOBP+eXiyT7jsgVCq1bkVygt00oASowB7EdtpOHaaPgKt812P9ab+DDKA==",
      "dev": true,
      "hasInstallScript": true,
      "optional": true,
      "os": [
        "darwin"
      ],
      "engines": {
        "node": "^8.16.0 || ^10.6.0 || >=11.0.0"
      }
    },
    "node_modules/is-typedarray": {
      "version": "1.0.0",
      "resolved": "https://registry.npmjs.org/is-typedarray/-/is-typedarray-1.0.0.tgz",
      "integrity": "sha512-cyA56iCMHAh5CdzjJIa4aohJyeO1YbwLi3Jc35MmRU6poroFjIGZzUzupGiRPOjgHg9TLu43xbpwXk523fMxKA=="
    },
    "node_modules/ms": {
      "version": "2.0.0",
      "resolved": "https://registry.npmjs.org/ms/-/ms-2.0.0.tgz",
      "integrity": "sha512-Tpp60P6IUJDTuOq/5Z8cdskzJujfwqfOTkrwIwj7IRISpnkJnT6SyJ4PCPnGMoFjC9ddhal5KVIYtAt97ix05A=="
    },
    "node_modules/nanoid": {
      "version": "3.3.6",
      "resolved": "https://registry.npmjs.org/nanoid/-/nanoid-3.3.6.tgz",
      "integrity": "sha512-BGcqMMJuToF7i1rt+2PWSNVnWIkGCU78jBG3RxO/bZlnZPK2Cmi2QaffxGO/2RvWi9sL+FAiRiXMgsyxQ1DIDA==",
      "dev": true,
      "funding": [
        {
          "type": "github",
          "url": "https://github.com/sponsors/ai"
        }
      ],
      "bin": {
        "nanoid": "bin/nanoid.cjs"
      },
      "engines": {
        "node": "^10 || ^12 || ^13.7 || ^14 || >=15.0.1"
      }
    },
    "node_modules/next-tick": {
      "version": "1.1.0",
      "resolved": "https://registry.npmjs.org/next-tick/-/next-tick-1.1.0.tgz",
      "integrity": "sha512-CXdUiJembsNjuToQvxayPZF9Vqht7hewsvy2sOWafLvi2awflj9mOC6bHIg50orX8IJvWKY9wYQ/zB2kogPslQ=="
    },
    "node_modules/node-fetch": {
      "version": "2.6.12",
      "resolved": "https://registry.npmjs.org/node-fetch/-/node-fetch-2.6.12.tgz",
      "integrity": "sha512-C/fGU2E8ToujUivIO0H+tpQ6HWo4eEmchoPIoXtxCrVghxdKq+QOHqEZW7tuP3KlV3bC8FRMO5nMCC7Zm1VP6g==",
      "dependencies": {
        "whatwg-url": "^5.0.0"
      },
      "engines": {
        "node": "4.x || >=6.0.0"
      },
      "peerDependencies": {
        "encoding": "^0.1.0"
      },
      "peerDependenciesMeta": {
        "encoding": {
          "optional": true
        }
      }
    },
    "node_modules/node-gyp-build": {
      "version": "4.6.0",
      "resolved": "https://registry.npmjs.org/node-gyp-build/-/node-gyp-build-4.6.0.tgz",
      "integrity": "sha512-NTZVKn9IylLwUzaKjkas1e4u2DLNcV4rdYagA4PWdPwW87Bi7z+BznyKSRwS/761tV/lzCGXplWsiaMjLqP2zQ==",
      "bin": {
        "node-gyp-build": "bin.js",
        "node-gyp-build-optional": "optional.js",
        "node-gyp-build-test": "build-test.js"
      }
    },
    "node_modules/picocolors": {
      "version": "1.0.0",
      "resolved": "https://registry.npmjs.org/picocolors/-/picocolors-1.0.0.tgz",
      "integrity": "sha512-1fygroTLlHu66zi26VoTDv8yRgm0Fccecssto+MhsZ0D/DGW2sm8E8AjW7NU5VVTRt5GxbeZ5qBuJr+HyLYkjQ==",
      "dev": true
    },
    "node_modules/postcss": {
      "version": "8.4.26",
      "resolved": "https://registry.npmjs.org/postcss/-/postcss-8.4.26.tgz",
      "integrity": "sha512-jrXHFF8iTloAenySjM/ob3gSj7pCu0Ji49hnjqzsgSRa50hkWCKD0HQ+gMNJkW38jBI68MpAAg7ZWwHwX8NMMw==",
      "dev": true,
      "funding": [
        {
          "type": "opencollective",
          "url": "https://opencollective.com/postcss/"
        },
        {
          "type": "tidelift",
          "url": "https://tidelift.com/funding/github/npm/postcss"
        },
        {
          "type": "github",
          "url": "https://github.com/sponsors/ai"
        }
      ],
      "dependencies": {
        "nanoid": "^3.3.6",
        "picocolors": "^1.0.0",
        "source-map-js": "^1.0.2"
      },
      "engines": {
        "node": "^10 || ^12 || >=14"
      }
    },
    "node_modules/rollup": {
      "version": "3.26.3",
      "resolved": "https://registry.npmjs.org/rollup/-/rollup-3.26.3.tgz",
      "integrity": "sha512-7Tin0C8l86TkpcMtXvQu6saWH93nhG3dGQ1/+l5V2TDMceTxO7kDiK6GzbfLWNNxqJXm591PcEZUozZm51ogwQ==",
      "dev": true,
      "bin": {
        "rollup": "dist/bin/rollup"
      },
      "engines": {
        "node": ">=14.18.0",
        "npm": ">=8.0.0"
      },
      "optionalDependencies": {
        "fsevents": "~2.3.2"
      }
    },
    "node_modules/source-map-js": {
      "version": "1.0.2",
      "resolved": "https://registry.npmjs.org/source-map-js/-/source-map-js-1.0.2.tgz",
      "integrity": "sha512-R0XvVJ9WusLiqTCEiGCmICCMplcCkIwwR11mOSD9CR5u+IXYdiseeEuXCVAjS54zqwkLcPNnmU4OeJ6tUrWhDw==",
      "dev": true,
      "engines": {
        "node": ">=0.10.0"
      }
    },
    "node_modules/tr46": {
      "version": "0.0.3",
      "resolved": "https://registry.npmjs.org/tr46/-/tr46-0.0.3.tgz",
      "integrity": "sha512-N3WMsuqV66lT30CrXNbEjx4GEwlow3v6rr4mCcv6prnfwhS01rkgyFdjPNBYd9br7LpXV1+Emh01fHnq2Gdgrw=="
    },
    "node_modules/type": {
      "version": "1.2.0",
      "resolved": "https://registry.npmjs.org/type/-/type-1.2.0.tgz",
      "integrity": "sha512-+5nt5AAniqsCnu2cEQQdpzCAh33kVx8n0VoFidKpB1dVVLAN/F+bgVOqOJqOnEnrhp222clB5p3vUlD+1QAnfg=="
    },
    "node_modules/typedarray-to-buffer": {
      "version": "3.1.5",
      "resolved": "https://registry.npmjs.org/typedarray-to-buffer/-/typedarray-to-buffer-3.1.5.tgz",
      "integrity": "sha512-zdu8XMNEDepKKR+XYOXAVPtWui0ly0NtohUscw+UmaHiAWT8hrV1rr//H6V+0DvJ3OQ19S979M0laLfX8rm82Q==",
      "dependencies": {
        "is-typedarray": "^1.0.0"
      }
    },
    "node_modules/utf-8-validate": {
      "version": "5.0.10",
      "resolved": "https://registry.npmjs.org/utf-8-validate/-/utf-8-validate-5.0.10.tgz",
      "integrity": "sha512-Z6czzLq4u8fPOyx7TU6X3dvUZVvoJmxSQ+IcrlmagKhilxlhZgxPK6C5Jqbkw1IDUmFTM+cz9QDnnLTwDz/2gQ==",
      "hasInstallScript": true,
      "dependencies": {
        "node-gyp-build": "^4.3.0"
      },
      "engines": {
        "node": ">=6.14.2"
      }
    },
    "node_modules/vite": {
      "version": "4.4.4",
      "resolved": "https://registry.npmjs.org/vite/-/vite-4.4.4.tgz",
      "integrity": "sha512-4mvsTxjkveWrKDJI70QmelfVqTm+ihFAb6+xf4sjEU2TmUCTlVX87tmg/QooPEMQb/lM9qGHT99ebqPziEd3wg==",
      "dev": true,
      "dependencies": {
        "esbuild": "^0.18.10",
        "postcss": "^8.4.25",
        "rollup": "^3.25.2"
      },
      "bin": {
        "vite": "bin/vite.js"
      },
      "engines": {
        "node": "^14.18.0 || >=16.0.0"
      },
      "funding": {
        "url": "https://github.com/vitejs/vite?sponsor=1"
      },
      "optionalDependencies": {
        "fsevents": "~2.3.2"
      },
      "peerDependencies": {
        "@types/node": ">= 14",
        "less": "*",
        "lightningcss": "^1.21.0",
        "sass": "*",
        "stylus": "*",
        "sugarss": "*",
        "terser": "^5.4.0"
      },
      "peerDependenciesMeta": {
        "@types/node": {
          "optional": true
        },
        "less": {
          "optional": true
        },
        "lightningcss": {
          "optional": true
        },
        "sass": {
          "optional": true
        },
        "stylus": {
          "optional": true
        },
        "sugarss": {
          "optional": true
        },
        "terser": {
          "optional": true
        }
      }
    },
    "node_modules/webidl-conversions": {
      "version": "3.0.1",
      "resolved": "https://registry.npmjs.org/webidl-conversions/-/webidl-conversions-3.0.1.tgz",
      "integrity": "sha512-2JAn3z8AR6rjK8Sm8orRC0h/bcl/DqL7tRPdGZ4I1CjdF+EaMLmYxBHyXuKL849eucPFhvBoxMsflfOb8kxaeQ=="
    },
    "node_modules/websocket": {
      "version": "1.0.34",
      "resolved": "https://registry.npmjs.org/websocket/-/websocket-1.0.34.tgz",
      "integrity": "sha512-PRDso2sGwF6kM75QykIesBijKSVceR6jL2G8NGYyq2XrItNC2P5/qL5XeR056GhA+Ly7JMFvJb9I312mJfmqnQ==",
      "dependencies": {
        "bufferutil": "^4.0.1",
        "debug": "^2.2.0",
        "es5-ext": "^0.10.50",
        "typedarray-to-buffer": "^3.1.5",
        "utf-8-validate": "^5.0.2",
        "yaeti": "^0.0.6"
      },
      "engines": {
        "node": ">=4.0.0"
      }
    },
    "node_modules/whatwg-url": {
      "version": "5.0.0",
      "resolved": "https://registry.npmjs.org/whatwg-url/-/whatwg-url-5.0.0.tgz",
      "integrity": "sha512-saE57nupxk6v3HY35+jzBwYa0rKSy0XR8JSxZPwgLr7ys0IBzhGviA1/TUGJLmSVqs8pb9AnvICXEuOHLprYTw==",
      "dependencies": {
        "tr46": "~0.0.3",
        "webidl-conversions": "^3.0.0"
      }
    },
    "node_modules/yaeti": {
      "version": "0.0.6",
      "resolved": "https://registry.npmjs.org/yaeti/-/yaeti-0.0.6.tgz",
      "integrity": "sha512-MvQa//+KcZCUkBTIC9blM+CU9J2GzuTytsOUwf2lidtvkx/6gnEp1QvJv34t9vdjhFmha/mUiNDbN0D0mJWdug==",
      "engines": {
        "node": ">=0.10.32"
      }
    }
  },
  "dependencies": {
    "@esbuild/android-arm": {
      "version": "0.18.14",
      "resolved": "https://registry.npmjs.org/@esbuild/android-arm/-/android-arm-0.18.14.tgz",
      "integrity": "sha512-blODaaL+lngG5bdK/t4qZcQvq2BBqrABmYwqPPcS5VRxrCSGHb9R/rA3fqxh7R18I7WU4KKv+NYkt22FDfalcg==",
      "dev": true,
      "optional": true
    },
    "@esbuild/android-arm64": {
      "version": "0.18.14",
      "resolved": "https://registry.npmjs.org/@esbuild/android-arm64/-/android-arm64-0.18.14.tgz",
      "integrity": "sha512-rZ2v+Luba5/3D6l8kofWgTnqE+qsC/L5MleKIKFyllHTKHrNBMqeRCnZI1BtRx8B24xMYxeU32iIddRQqMsOsg==",
      "dev": true,
      "optional": true
    },
    "@esbuild/android-x64": {
      "version": "0.18.14",
      "resolved": "https://registry.npmjs.org/@esbuild/android-x64/-/android-x64-0.18.14.tgz",
      "integrity": "sha512-qSwh8y38QKl+1Iqg+YhvCVYlSk3dVLk9N88VO71U4FUjtiSFylMWK3Ugr8GC6eTkkP4Tc83dVppt2n8vIdlSGg==",
      "dev": true,
      "optional": true
    },
    "@esbuild/darwin-arm64": {
      "version": "0.18.14",
      "resolved": "https://registry.npmjs.org/@esbuild/darwin-arm64/-/darwin-arm64-0.18.14.tgz",
      "integrity": "sha512-9Hl2D2PBeDYZiNbnRKRWuxwHa9v5ssWBBjisXFkVcSP5cZqzZRFBUWEQuqBHO4+PKx4q4wgHoWtfQ1S7rUqJ2Q==",
      "dev": true,
      "optional": true
    },
    "@esbuild/darwin-x64": {
      "version": "0.18.14",
      "resolved": "https://registry.npmjs.org/@esbuild/darwin-x64/-/darwin-x64-0.18.14.tgz",
      "integrity": "sha512-ZnI3Dg4ElQ6tlv82qLc/UNHtFsgZSKZ7KjsUNAo1BF1SoYDjkGKHJyCrYyWjFecmXpvvG/KJ9A/oe0H12odPLQ==",
      "dev": true,
      "optional": true
    },
    "@esbuild/freebsd-arm64": {
      "version": "0.18.14",
      "resolved": "https://registry.npmjs.org/@esbuild/freebsd-arm64/-/freebsd-arm64-0.18.14.tgz",
      "integrity": "sha512-h3OqR80Da4oQCIa37zl8tU5MwHQ7qgPV0oVScPfKJK21fSRZEhLE4IIVpmcOxfAVmqjU6NDxcxhYaM8aDIGRLw==",
      "dev": true,
      "optional": true
    },
    "@esbuild/freebsd-x64": {
      "version": "0.18.14",
      "resolved": "https://registry.npmjs.org/@esbuild/freebsd-x64/-/freebsd-x64-0.18.14.tgz",
      "integrity": "sha512-ha4BX+S6CZG4BoH9tOZTrFIYC1DH13UTCRHzFc3GWX74nz3h/N6MPF3tuR3XlsNjMFUazGgm35MPW5tHkn2lzQ==",
      "dev": true,
      "optional": true
    },
    "@esbuild/linux-arm": {
      "version": "0.18.14",
      "resolved": "https://registry.npmjs.org/@esbuild/linux-arm/-/linux-arm-0.18.14.tgz",
      "integrity": "sha512-5+7vehI1iqru5WRtJyU2XvTOvTGURw3OZxe3YTdE9muNNIdmKAVmSHpB3Vw2LazJk2ifEdIMt/wTWnVe5V98Kg==",
      "dev": true,
      "optional": true
    },
    "@esbuild/linux-arm64": {
      "version": "0.18.14",
      "resolved": "https://registry.npmjs.org/@esbuild/linux-arm64/-/linux-arm64-0.18.14.tgz",
      "integrity": "sha512-IXORRe22In7U65NZCzjwAUc03nn8SDIzWCnfzJ6t/8AvGx5zBkcLfknI+0P+hhuftufJBmIXxdSTbzWc8X/V4w==",
      "dev": true,
      "optional": true
    },
    "@esbuild/linux-ia32": {
      "version": "0.18.14",
      "resolved": "https://registry.npmjs.org/@esbuild/linux-ia32/-/linux-ia32-0.18.14.tgz",
      "integrity": "sha512-BfHlMa0nibwpjG+VXbOoqJDmFde4UK2gnW351SQ2Zd4t1N3zNdmUEqRkw/srC1Sa1DRBE88Dbwg4JgWCbNz/FQ==",
      "dev": true,
      "optional": true
    },
    "@esbuild/linux-loong64": {
      "version": "0.18.14",
      "resolved": "https://registry.npmjs.org/@esbuild/linux-loong64/-/linux-loong64-0.18.14.tgz",
      "integrity": "sha512-j2/Ex++DRUWIAaUDprXd3JevzGtZ4/d7VKz+AYDoHZ3HjJzCyYBub9CU1wwIXN+viOP0b4VR3RhGClsvyt/xSw==",
      "dev": true,
      "optional": true
    },
    "@esbuild/linux-mips64el": {
      "version": "0.18.14",
      "resolved": "https://registry.npmjs.org/@esbuild/linux-mips64el/-/linux-mips64el-0.18.14.tgz",
      "integrity": "sha512-qn2+nc+ZCrJmiicoAnJXJJkZWt8Nwswgu1crY7N+PBR8ChBHh89XRxj38UU6Dkthl2yCVO9jWuafZ24muzDC/A==",
      "dev": true,
      "optional": true
    },
    "@esbuild/linux-ppc64": {
      "version": "0.18.14",
      "resolved": "https://registry.npmjs.org/@esbuild/linux-ppc64/-/linux-ppc64-0.18.14.tgz",
      "integrity": "sha512-aGzXzd+djqeEC5IRkDKt3kWzvXoXC6K6GyYKxd+wsFJ2VQYnOWE954qV2tvy5/aaNrmgPTb52cSCHFE+Z7Z0yg==",
      "dev": true,
      "optional": true
    },
    "@esbuild/linux-riscv64": {
      "version": "0.18.14",
      "resolved": "https://registry.npmjs.org/@esbuild/linux-riscv64/-/linux-riscv64-0.18.14.tgz",
      "integrity": "sha512-8C6vWbfr0ygbAiMFLS6OPz0BHvApkT2gCboOGV76YrYw+sD/MQJzyITNsjZWDXJwPu9tjrFQOVG7zijRzBCnLw==",
      "dev": true,
      "optional": true
    },
    "@esbuild/linux-s390x": {
      "version": "0.18.14",
      "resolved": "https://registry.npmjs.org/@esbuild/linux-s390x/-/linux-s390x-0.18.14.tgz",
      "integrity": "sha512-G/Lf9iu8sRMM60OVGOh94ZW2nIStksEcITkXdkD09/T6QFD/o+g0+9WVyR/jajIb3A0LvBJ670tBnGe1GgXMgw==",
      "dev": true,
      "optional": true
    },
    "@esbuild/linux-x64": {
      "version": "0.18.14",
      "resolved": "https://registry.npmjs.org/@esbuild/linux-x64/-/linux-x64-0.18.14.tgz",
      "integrity": "sha512-TBgStYBQaa3EGhgqIDM+ECnkreb0wkcKqL7H6m+XPcGUoU4dO7dqewfbm0mWEQYH3kzFHrzjOFNpSAVzDZRSJw==",
      "dev": true,
      "optional": true
    },
    "@esbuild/netbsd-x64": {
      "version": "0.18.14",
      "resolved": "https://registry.npmjs.org/@esbuild/netbsd-x64/-/netbsd-x64-0.18.14.tgz",
      "integrity": "sha512-stvCcjyCQR2lMTroqNhAbvROqRjxPEq0oQ380YdXxA81TaRJEucH/PzJ/qsEtsHgXlWFW6Ryr/X15vxQiyRXVg==",
      "dev": true,
      "optional": true
    },
    "@esbuild/openbsd-x64": {
      "version": "0.18.14",
      "resolved": "https://registry.npmjs.org/@esbuild/openbsd-x64/-/openbsd-x64-0.18.14.tgz",
      "integrity": "sha512-apAOJF14CIsN5ht1PA57PboEMsNV70j3FUdxLmA2liZ20gEQnfTG5QU0FhENo5nwbTqCB2O3WDsXAihfODjHYw==",
      "dev": true,
      "optional": true
    },
    "@esbuild/sunos-x64": {
      "version": "0.18.14",
      "resolved": "https://registry.npmjs.org/@esbuild/sunos-x64/-/sunos-x64-0.18.14.tgz",
      "integrity": "sha512-fYRaaS8mDgZcGybPn2MQbn1ZNZx+UXFSUoS5Hd2oEnlsyUcr/l3c6RnXf1bLDRKKdLRSabTmyCy7VLQ7VhGdOQ==",
      "dev": true,
      "optional": true
    },
    "@esbuild/win32-arm64": {
      "version": "0.18.14",
      "resolved": "https://registry.npmjs.org/@esbuild/win32-arm64/-/win32-arm64-0.18.14.tgz",
      "integrity": "sha512-1c44RcxKEJPrVj62XdmYhxXaU/V7auELCmnD+Ri+UCt+AGxTvzxl9uauQhrFso8gj6ZV1DaORV0sT9XSHOAk8Q==",
      "dev": true,
      "optional": true
    },
    "@esbuild/win32-ia32": {
      "version": "0.18.14",
      "resolved": "https://registry.npmjs.org/@esbuild/win32-ia32/-/win32-ia32-0.18.14.tgz",
      "integrity": "sha512-EXAFttrdAxZkFQmpvcAQ2bywlWUsONp/9c2lcfvPUhu8vXBBenCXpoq9YkUvVP639ld3YGiYx0YUQ6/VQz3Maw==",
      "dev": true,
      "optional": true
    },
    "@esbuild/win32-x64": {
      "version": "0.18.14",
      "resolved": "https://registry.npmjs.org/@esbuild/win32-x64/-/win32-x64-0.18.14.tgz",
      "integrity": "sha512-K0QjGbcskx+gY+qp3v4/940qg8JitpXbdxFhRDA1aYoNaPff88+aEwoq45aqJ+ogpxQxmU0ZTjgnrQD/w8iiUg==",
      "dev": true,
      "optional": true
    },
    "@supabase/functions-js": {
      "version": "2.1.2",
      "resolved": "https://registry.npmjs.org/@supabase/functions-js/-/functions-js-2.1.2.tgz",
      "integrity": "sha512-QCR6pwJs9exCl37bmpMisUd6mf+0SUBJ6mUpiAjEkSJ/+xW8TCuO14bvkWHADd5hElJK9MxNlMQXxSA4DRz9nQ==",
      "requires": {
        "cross-fetch": "^3.1.5"
      }
    },
    "@supabase/gotrue-js": {
      "version": "2.44.1",
      "resolved": "https://registry.npmjs.org/@supabase/gotrue-js/-/gotrue-js-2.44.1.tgz",
      "integrity": "sha512-/6AEWvvGHHFazoiLp8Uf17UfKRYmcOAnY5N4dcpLuUZkvilc8dHpgEngC/XLlZqWsK1r3lcjwROU3I8IBfGwDg==",
      "requires": {
        "cross-fetch": "^3.1.5"
      }
    },
    "@supabase/postgrest-js": {
      "version": "1.7.2",
      "resolved": "https://registry.npmjs.org/@supabase/postgrest-js/-/postgrest-js-1.7.2.tgz",
      "integrity": "sha512-GK80JpRq8l6Qll85erICypAfQCied8tdlXfsDN14W844HqXCSOisk8AaE01DAwGJanieaoN5fuqhzA2yKxDvEQ==",
      "requires": {
        "cross-fetch": "^3.1.5"
      }
    },
    "@supabase/realtime-js": {
      "version": "2.7.3",
      "resolved": "https://registry.npmjs.org/@supabase/realtime-js/-/realtime-js-2.7.3.tgz",
      "integrity": "sha512-c7TzL81sx2kqyxsxcDduJcHL9KJdCOoKimGP6lQSqiZKX42ATlBZpWbyy9KFGFBjAP4nyopMf5JhPi2ZH9jyNw==",
      "requires": {
        "@types/phoenix": "^1.5.4",
        "@types/websocket": "^1.0.3",
        "websocket": "^1.0.34"
      }
    },
    "@supabase/storage-js": {
      "version": "2.5.1",
      "resolved": "https://registry.npmjs.org/@supabase/storage-js/-/storage-js-2.5.1.tgz",
      "integrity": "sha512-nkR0fQA9ScAtIKA3vNoPEqbZv1k5B5HVRYEvRWdlP6mUpFphM9TwPL2jZ/ztNGMTG5xT6SrHr+H7Ykz8qzbhjw==",
      "requires": {
        "cross-fetch": "^3.1.5"
      }
    },
    "@supabase/supabase-js": {
      "version": "2.26.0",
      "resolved": "https://registry.npmjs.org/@supabase/supabase-js/-/supabase-js-2.26.0.tgz",
      "integrity": "sha512-RXmTPTobaYAwkSobadHZmEVLmzX3SGrtRZIGfLWnLv92VzBRrjuXn0a+bJqKl50GUzsyqPA+j5pod7EwMkcH5A==",
      "requires": {
        "@supabase/functions-js": "^2.1.0",
        "@supabase/gotrue-js": "^2.31.0",
        "@supabase/postgrest-js": "^1.7.0",
        "@supabase/realtime-js": "^2.7.3",
        "@supabase/storage-js": "^2.5.1",
        "cross-fetch": "^3.1.5"
      }
    },
    "@types/node": {
      "version": "20.4.2",
      "resolved": "https://registry.npmjs.org/@types/node/-/node-20.4.2.tgz",
      "integrity": "sha512-Dd0BYtWgnWJKwO1jkmTrzofjK2QXXcai0dmtzvIBhcA+RsG5h8R3xlyta0kGOZRNfL9GuRtb1knmPEhQrePCEw=="
    },
    "@types/phoenix": {
      "version": "1.6.0",
      "resolved": "https://registry.npmjs.org/@types/phoenix/-/phoenix-1.6.0.tgz",
      "integrity": "sha512-qwfpsHmFuhAS/dVd4uBIraMxRd56vwBUYQGZ6GpXnFuM2XMRFJbIyruFKKlW2daQliuYZwe0qfn/UjFCDKic5g=="
    },
    "@types/websocket": {
      "version": "1.0.5",
      "resolved": "https://registry.npmjs.org/@types/websocket/-/websocket-1.0.5.tgz",
      "integrity": "sha512-NbsqiNX9CnEfC1Z0Vf4mE1SgAJ07JnRYcNex7AJ9zAVzmiGHmjKFEk7O4TJIsgv2B1sLEb6owKFZrACwdYngsQ==",
      "requires": {
        "@types/node": "*"
      }
    },
    "bufferutil": {
      "version": "4.0.7",
      "resolved": "https://registry.npmjs.org/bufferutil/-/bufferutil-4.0.7.tgz",
      "integrity": "sha512-kukuqc39WOHtdxtw4UScxF/WVnMFVSQVKhtx3AjZJzhd0RGZZldcrfSEbVsWWe6KNH253574cq5F+wpv0G9pJw==",
      "requires": {
        "node-gyp-build": "^4.3.0"
      }
    },
    "cross-fetch": {
      "version": "3.1.8",
      "resolved": "https://registry.npmjs.org/cross-fetch/-/cross-fetch-3.1.8.tgz",
      "integrity": "sha512-cvA+JwZoU0Xq+h6WkMvAUqPEYy92Obet6UdKLfW60qn99ftItKjB5T+BkyWOFWe2pUyfQ+IJHmpOTznqk1M6Kg==",
      "requires": {
        "node-fetch": "^2.6.12"
      }
    },
    "d": {
      "version": "1.0.1",
      "resolved": "https://registry.npmjs.org/d/-/d-1.0.1.tgz",
      "integrity": "sha512-m62ShEObQ39CfralilEQRjH6oAMtNCV1xJyEx5LpRYUVN+EviphDgUc/F3hnYbADmkiNs67Y+3ylmlG7Lnu+FA==",
      "requires": {
        "es5-ext": "^0.10.50",
        "type": "^1.0.1"
      }
    },
    "debug": {
      "version": "2.6.9",
      "resolved": "https://registry.npmjs.org/debug/-/debug-2.6.9.tgz",
      "integrity": "sha512-bC7ElrdJaJnPbAP+1EotYvqZsb3ecl5wi6Bfi6BJTUcNowp6cvspg0jXznRTKDjm/E7AdgFBVeAPVMNcKGsHMA==",
      "requires": {
        "ms": "2.0.0"
      }
    },
    "es5-ext": {
      "version": "0.10.62",
      "resolved": "https://registry.npmjs.org/es5-ext/-/es5-ext-0.10.62.tgz",
      "integrity": "sha512-BHLqn0klhEpnOKSrzn/Xsz2UIW8j+cGmo9JLzr8BiUapV8hPL9+FliFqjwr9ngW7jWdnxv6eO+/LqyhJVqgrjA==",
      "requires": {
        "es6-iterator": "^2.0.3",
        "es6-symbol": "^3.1.3",
        "next-tick": "^1.1.0"
      }
    },
    "es6-iterator": {
      "version": "2.0.3",
      "resolved": "https://registry.npmjs.org/es6-iterator/-/es6-iterator-2.0.3.tgz",
      "integrity": "sha512-zw4SRzoUkd+cl+ZoE15A9o1oQd920Bb0iOJMQkQhl3jNc03YqVjAhG7scf9C5KWRU/R13Orf588uCC6525o02g==",
      "requires": {
        "d": "1",
        "es5-ext": "^0.10.35",
        "es6-symbol": "^3.1.1"
      }
    },
    "es6-symbol": {
      "version": "3.1.3",
      "resolved": "https://registry.npmjs.org/es6-symbol/-/es6-symbol-3.1.3.tgz",
      "integrity": "sha512-NJ6Yn3FuDinBaBRWl/q5X/s4koRHBrgKAu+yGI6JCBeiu3qrcbJhwT2GeR/EXVfylRk8dpQVJoLEFhK+Mu31NA==",
      "requires": {
        "d": "^1.0.1",
        "ext": "^1.1.2"
      }
    },
    "esbuild": {
      "version": "0.18.14",
      "resolved": "https://registry.npmjs.org/esbuild/-/esbuild-0.18.14.tgz",
      "integrity": "sha512-uNPj5oHPYmj+ZhSQeYQVFZ+hAlJZbAGOmmILWIqrGvPVlNLbyOvU5Bu6Woi8G8nskcx0vwY0iFoMPrzT86Ko+w==",
      "dev": true,
      "requires": {
        "@esbuild/android-arm": "0.18.14",
        "@esbuild/android-arm64": "0.18.14",
        "@esbuild/android-x64": "0.18.14",
        "@esbuild/darwin-arm64": "0.18.14",
        "@esbuild/darwin-x64": "0.18.14",
        "@esbuild/freebsd-arm64": "0.18.14",
        "@esbuild/freebsd-x64": "0.18.14",
        "@esbuild/linux-arm": "0.18.14",
        "@esbuild/linux-arm64": "0.18.14",
        "@esbuild/linux-ia32": "0.18.14",
        "@esbuild/linux-loong64": "0.18.14",
        "@esbuild/linux-mips64el": "0.18.14",
        "@esbuild/linux-ppc64": "0.18.14",
        "@esbuild/linux-riscv64": "0.18.14",
        "@esbuild/linux-s390x": "0.18.14",
        "@esbuild/linux-x64": "0.18.14",
        "@esbuild/netbsd-x64": "0.18.14",
        "@esbuild/openbsd-x64": "0.18.14",
        "@esbuild/sunos-x64": "0.18.14",
        "@esbuild/win32-arm64": "0.18.14",
        "@esbuild/win32-ia32": "0.18.14",
        "@esbuild/win32-x64": "0.18.14"
      }
    },
    "ext": {
      "version": "1.7.0",
      "resolved": "https://registry.npmjs.org/ext/-/ext-1.7.0.tgz",
      "integrity": "sha512-6hxeJYaL110a9b5TEJSj0gojyHQAmA2ch5Os+ySCiA1QGdS697XWY1pzsrSjqA9LDEEgdB/KypIlR59RcLuHYw==",
      "requires": {
        "type": "^2.7.2"
      },
      "dependencies": {
        "type": {
          "version": "2.7.2",
          "resolved": "https://registry.npmjs.org/type/-/type-2.7.2.tgz",
          "integrity": "sha512-dzlvlNlt6AXU7EBSfpAscydQ7gXB+pPGsPnfJnZpiNJBDj7IaJzQlBZYGdEi4R9HmPdBv2XmWJ6YUtoTa7lmCw=="
        }
      }
    },
    "fsevents": {
      "version": "2.3.2",
      "resolved": "https://registry.npmjs.org/fsevents/-/fsevents-2.3.2.tgz",
      "integrity": "sha512-xiqMQR4xAeHTuB9uWm+fFRcIOgKBMiOBP+eXiyT7jsgVCq1bkVygt00oASowB7EdtpOHaaPgKt812P9ab+DDKA==",
      "dev": true,
      "optional": true
    },
    "is-typedarray": {
      "version": "1.0.0",
      "resolved": "https://registry.npmjs.org/is-typedarray/-/is-typedarray-1.0.0.tgz",
      "integrity": "sha512-cyA56iCMHAh5CdzjJIa4aohJyeO1YbwLi3Jc35MmRU6poroFjIGZzUzupGiRPOjgHg9TLu43xbpwXk523fMxKA=="
    },
    "ms": {
      "version": "2.0.0",
      "resolved": "https://registry.npmjs.org/ms/-/ms-2.0.0.tgz",
      "integrity": "sha512-Tpp60P6IUJDTuOq/5Z8cdskzJujfwqfOTkrwIwj7IRISpnkJnT6SyJ4PCPnGMoFjC9ddhal5KVIYtAt97ix05A=="
    },
    "nanoid": {
      "version": "3.3.6",
      "resolved": "https://registry.npmjs.org/nanoid/-/nanoid-3.3.6.tgz",
      "integrity": "sha512-BGcqMMJuToF7i1rt+2PWSNVnWIkGCU78jBG3RxO/bZlnZPK2Cmi2QaffxGO/2RvWi9sL+FAiRiXMgsyxQ1DIDA==",
      "dev": true
    },
    "next-tick": {
      "version": "1.1.0",
      "resolved": "https://registry.npmjs.org/next-tick/-/next-tick-1.1.0.tgz",
      "integrity": "sha512-CXdUiJembsNjuToQvxayPZF9Vqht7hewsvy2sOWafLvi2awflj9mOC6bHIg50orX8IJvWKY9wYQ/zB2kogPslQ=="
    },
    "node-fetch": {
      "version": "2.6.12",
      "resolved": "https://registry.npmjs.org/node-fetch/-/node-fetch-2.6.12.tgz",
      "integrity": "sha512-C/fGU2E8ToujUivIO0H+tpQ6HWo4eEmchoPIoXtxCrVghxdKq+QOHqEZW7tuP3KlV3bC8FRMO5nMCC7Zm1VP6g==",
      "requires": {
        "whatwg-url": "^5.0.0"
      }
    },
    "node-gyp-build": {
      "version": "4.6.0",
      "resolved": "https://registry.npmjs.org/node-gyp-build/-/node-gyp-build-4.6.0.tgz",
      "integrity": "sha512-NTZVKn9IylLwUzaKjkas1e4u2DLNcV4rdYagA4PWdPwW87Bi7z+BznyKSRwS/761tV/lzCGXplWsiaMjLqP2zQ=="
    },
    "picocolors": {
      "version": "1.0.0",
      "resolved": "https://registry.npmjs.org/picocolors/-/picocolors-1.0.0.tgz",
      "integrity": "sha512-1fygroTLlHu66zi26VoTDv8yRgm0Fccecssto+MhsZ0D/DGW2sm8E8AjW7NU5VVTRt5GxbeZ5qBuJr+HyLYkjQ==",
      "dev": true
    },
    "postcss": {
      "version": "8.4.26",
      "resolved": "https://registry.npmjs.org/postcss/-/postcss-8.4.26.tgz",
      "integrity": "sha512-jrXHFF8iTloAenySjM/ob3gSj7pCu0Ji49hnjqzsgSRa50hkWCKD0HQ+gMNJkW38jBI68MpAAg7ZWwHwX8NMMw==",
      "dev": true,
      "requires": {
        "nanoid": "^3.3.6",
        "picocolors": "^1.0.0",
        "source-map-js": "^1.0.2"
      }
    },
    "rollup": {
      "version": "3.26.3",
      "resolved": "https://registry.npmjs.org/rollup/-/rollup-3.26.3.tgz",
      "integrity": "sha512-7Tin0C8l86TkpcMtXvQu6saWH93nhG3dGQ1/+l5V2TDMceTxO7kDiK6GzbfLWNNxqJXm591PcEZUozZm51ogwQ==",
      "dev": true,
      "requires": {
        "fsevents": "~2.3.2"
      }
    },
    "source-map-js": {
      "version": "1.0.2",
      "resolved": "https://registry.npmjs.org/source-map-js/-/source-map-js-1.0.2.tgz",
      "integrity": "sha512-R0XvVJ9WusLiqTCEiGCmICCMplcCkIwwR11mOSD9CR5u+IXYdiseeEuXCVAjS54zqwkLcPNnmU4OeJ6tUrWhDw==",
      "dev": true
    },
    "tr46": {
      "version": "0.0.3",
      "resolved": "https://registry.npmjs.org/tr46/-/tr46-0.0.3.tgz",
      "integrity": "sha512-N3WMsuqV66lT30CrXNbEjx4GEwlow3v6rr4mCcv6prnfwhS01rkgyFdjPNBYd9br7LpXV1+Emh01fHnq2Gdgrw=="
    },
    "type": {
      "version": "1.2.0",
      "resolved": "https://registry.npmjs.org/type/-/type-1.2.0.tgz",
      "integrity": "sha512-+5nt5AAniqsCnu2cEQQdpzCAh33kVx8n0VoFidKpB1dVVLAN/F+bgVOqOJqOnEnrhp222clB5p3vUlD+1QAnfg=="
    },
    "typedarray-to-buffer": {
      "version": "3.1.5",
      "resolved": "https://registry.npmjs.org/typedarray-to-buffer/-/typedarray-to-buffer-3.1.5.tgz",
      "integrity": "sha512-zdu8XMNEDepKKR+XYOXAVPtWui0ly0NtohUscw+UmaHiAWT8hrV1rr//H6V+0DvJ3OQ19S979M0laLfX8rm82Q==",
      "requires": {
        "is-typedarray": "^1.0.0"
      }
    },
    "utf-8-validate": {
      "version": "5.0.10",
      "resolved": "https://registry.npmjs.org/utf-8-validate/-/utf-8-validate-5.0.10.tgz",
      "integrity": "sha512-Z6czzLq4u8fPOyx7TU6X3dvUZVvoJmxSQ+IcrlmagKhilxlhZgxPK6C5Jqbkw1IDUmFTM+cz9QDnnLTwDz/2gQ==",
      "requires": {
        "node-gyp-build": "^4.3.0"
      }
    },
    "vite": {
      "version": "4.4.4",
      "resolved": "https://registry.npmjs.org/vite/-/vite-4.4.4.tgz",
      "integrity": "sha512-4mvsTxjkveWrKDJI70QmelfVqTm+ihFAb6+xf4sjEU2TmUCTlVX87tmg/QooPEMQb/lM9qGHT99ebqPziEd3wg==",
      "dev": true,
      "requires": {
        "esbuild": "^0.18.10",
        "fsevents": "~2.3.2",
        "postcss": "^8.4.25",
        "rollup": "^3.25.2"
      }
    },
    "webidl-conversions": {
      "version": "3.0.1",
      "resolved": "https://registry.npmjs.org/webidl-conversions/-/webidl-conversions-3.0.1.tgz",
      "integrity": "sha512-2JAn3z8AR6rjK8Sm8orRC0h/bcl/DqL7tRPdGZ4I1CjdF+EaMLmYxBHyXuKL849eucPFhvBoxMsflfOb8kxaeQ=="
    },
    "websocket": {
      "version": "1.0.34",
      "resolved": "https://registry.npmjs.org/websocket/-/websocket-1.0.34.tgz",
      "integrity": "sha512-PRDso2sGwF6kM75QykIesBijKSVceR6jL2G8NGYyq2XrItNC2P5/qL5XeR056GhA+Ly7JMFvJb9I312mJfmqnQ==",
      "requires": {
        "bufferutil": "^4.0.1",
        "debug": "^2.2.0",
        "es5-ext": "^0.10.50",
        "typedarray-to-buffer": "^3.1.5",
        "utf-8-validate": "^5.0.2",
        "yaeti": "^0.0.6"
      }
    },
    "whatwg-url": {
      "version": "5.0.0",
      "resolved": "https://registry.npmjs.org/whatwg-url/-/whatwg-url-5.0.0.tgz",
      "integrity": "sha512-saE57nupxk6v3HY35+jzBwYa0rKSy0XR8JSxZPwgLr7ys0IBzhGviA1/TUGJLmSVqs8pb9AnvICXEuOHLprYTw==",
      "requires": {
        "tr46": "~0.0.3",
        "webidl-conversions": "^3.0.0"
      }
    },
    "yaeti": {
      "version": "0.0.6",
      "resolved": "https://registry.npmjs.org/yaeti/-/yaeti-0.0.6.tgz",
      "integrity": "sha512-MvQa//+KcZCUkBTIC9blM+CU9J2GzuTytsOUwf2lidtvkx/6gnEp1QvJv34t9vdjhFmha/mUiNDbN0D0mJWdug=="
    }
  }
}
